
Microsoft Visual Studio Solution File, Format Version 12.00
# Visual Studio Version 16
VisualStudioVersion = 16.0.30717.126
MinimumVisualStudioVersion = 10.0.40219.1
Project("{FAE04EC0-301F-11D3-BF4B-00C04F79EFBC}") = "MatrixArray", "MatrixArray.csproj", "{FE0A02CD-78AA-4476-82E1-8C271E826707}"
EndProject
Global
	GlobalSection(SolutionConfigurationPlatforms) = preSolution
		Debug|Any CPU = Debug|Any CPU
		Release|Any CPU = Release|Any CPU
	EndGlobalSection
	GlobalSection(ProjectConfigurationPlatforms) = postSolution
		{FE0A02CD-78AA-4476-82E1-8C271E826707}.Debug|Any CPU.ActiveCfg = Debug|Any CPU
		{FE0A02CD-78AA-4476-82E1-8C271E826707}.Debug|Any CPU.Build.0 = Debug|Any CPU
		{FE0A02CD-78AA-4476-82E1-8C271E826707}.Release|Any CPU.ActiveCfg = Release|Any CPU
		{FE0A02CD-78AA-4476-82E1-8C271E826707}.Release|Any CPU.Build.0 = Release|Any CPU
	EndGlobalSection
	GlobalSection(SolutionProperties) = preSolution
		HideSolutionNode = FALSE
	EndGlobalSection
	GlobalSection(ExtensibilityGlobals) = postSolution
		SolutionGuid = {343ACE97-6D6B-4F6C-AAB7-CDA725B8BB59}
	EndGlobalSection
EndGlobal
